
Microsoft Visual Studio Solution File, Format Version 12.00
# Visual Studio Version 16
VisualStudioVersion = 16.0.30717.126
MinimumVisualStudioVersion = 10.0.40219.1
Project("{2150E333-8FDC-42A3-9474-1A3956D46DE8}") = "src", "src", "{63BFE46A-91B9-4266-99D8-C07A2FBC5011}"
EndProject
Project("{9A19103F-16F7-4668-BE54-9A1E7A4F7556}") = "QuizAppAuthApi", "src\QuizAppAuthApi\QuizAppAuthApi\QuizAppAuthApi.csproj", "{20092312-456E-4A59-A0CD-BCF1A9564B5D}"
EndProject
Project("{9A19103F-16F7-4668-BE54-9A1E7A4F7556}") = "QuizAppGameApi", "src\QuizAppGameApi\QuizAppGameApi.csproj", "{467652C2-DBFF-4A2A-BBCF-439A35F37DF6}"
EndProject
Project("{9A19103F-16F7-4668-BE54-9A1E7A4F7556}") = "QuizAppMainApi", "src\QuizAppMainApi\QuizAppMainApi.csproj", "{2BF5F733-50E6-4A5C-BC3E-AD9846692E0E}"
EndProject
Project("{9A19103F-16F7-4668-BE54-9A1E7A4F7556}") = "QuizAppModels", "src\QuizAppModels\QuizAppModels.csproj", "{E2CB497F-5B12-446A-B526-38CEF3BF6C9B}"
EndProject
Global
	GlobalSection(SolutionConfigurationPlatforms) = preSolution
		Debug|Any CPU = Debug|Any CPU
		Release|Any CPU = Release|Any CPU
	EndGlobalSection
	GlobalSection(ProjectConfigurationPlatforms) = postSolution
		{20092312-456E-4A59-A0CD-BCF1A9564B5D}.Debug|Any CPU.ActiveCfg = Debug|Any CPU
		{20092312-456E-4A59-A0CD-BCF1A9564B5D}.Debug|Any CPU.Build.0 = Debug|Any CPU
		{20092312-456E-4A59-A0CD-BCF1A9564B5D}.Release|Any CPU.ActiveCfg = Release|Any CPU
		{20092312-456E-4A59-A0CD-BCF1A9564B5D}.Release|Any CPU.Build.0 = Release|Any CPU
		{467652C2-DBFF-4A2A-BBCF-439A35F37DF6}.Debug|Any CPU.ActiveCfg = Debug|Any CPU
		{467652C2-DBFF-4A2A-BBCF-439A35F37DF6}.Debug|Any CPU.Build.0 = Debug|Any CPU
		{467652C2-DBFF-4A2A-BBCF-439A35F37DF6}.Release|Any CPU.ActiveCfg = Release|Any CPU
		{467652C2-DBFF-4A2A-BBCF-439A35F37DF6}.Release|Any CPU.Build.0 = Release|Any CPU
		{2BF5F733-50E6-4A5C-BC3E-AD9846692E0E}.Debug|Any CPU.ActiveCfg = Debug|Any CPU
		{2BF5F733-50E6-4A5C-BC3E-AD9846692E0E}.Debug|Any CPU.Build.0 = Debug|Any CPU
		{2BF5F733-50E6-4A5C-BC3E-AD9846692E0E}.Release|Any CPU.ActiveCfg = Release|Any CPU
		{2BF5F733-50E6-4A5C-BC3E-AD9846692E0E}.Release|Any CPU.Build.0 = Release|Any CPU
		{E2CB497F-5B12-446A-B526-38CEF3BF6C9B}.Debug|Any CPU.ActiveCfg = Debug|Any CPU
		{E2CB497F-5B12-446A-B526-38CEF3BF6C9B}.Debug|Any CPU.Build.0 = Debug|Any CPU
		{E2CB497F-5B12-446A-B526-38CEF3BF6C9B}.Release|Any CPU.ActiveCfg = Release|Any CPU
		{E2CB497F-5B12-446A-B526-38CEF3BF6C9B}.Release|Any CPU.Build.0 = Release|Any CPU
	EndGlobalSection
	GlobalSection(SolutionProperties) = preSolution
		HideSolutionNode = FALSE
	EndGlobalSection
	GlobalSection(NestedProjects) = preSolution
		{20092312-456E-4A59-A0CD-BCF1A9564B5D} = {63BFE46A-91B9-4266-99D8-C07A2FBC5011}
		{467652C2-DBFF-4A2A-BBCF-439A35F37DF6} = {63BFE46A-91B9-4266-99D8-C07A2FBC5011}
		{2BF5F733-50E6-4A5C-BC3E-AD9846692E0E} = {63BFE46A-91B9-4266-99D8-C07A2FBC5011}
		{E2CB497F-5B12-446A-B526-38CEF3BF6C9B} = {63BFE46A-91B9-4266-99D8-C07A2FBC5011}
	EndGlobalSection
	GlobalSection(ExtensibilityGlobals) = postSolution
		SolutionGuid = {B403C599-06A2-46E3-8481-52518F18CE22}
	EndGlobalSection
EndGlobal
