
Microsoft Visual Studio Solution File, Format Version 12.00
# Visual Studio Version 16
VisualStudioVersion = 16.0.30717.126
MinimumVisualStudioVersion = 10.0.40219.1
Project("{FAE04EC0-301F-11D3-BF4B-00C04F79EFBC}") = "QuizzAppAdminApi", "QuizzAppAdminApi\QuizzAppAdminApi.csproj", "{B82B44EA-D401-4371-9A30-37E8E02605BB}"
EndProject
Project("{2150E333-8FDC-42A3-9474-1A3956D46DE8}") = "src", "src", "{75392F80-6C4F-4CF3-BBCD-F31564787B8A}"
EndProject
Project("{9A19103F-16F7-4668-BE54-9A1E7A4F7556}") = "QuizAppModels", "..\QuizAppModels\QuizAppModels.csproj", "{99AD75F5-6A9F-4281-9C09-4B851FB8564C}"
EndProject
Global
	GlobalSection(SolutionConfigurationPlatforms) = preSolution
		Debug|Any CPU = Debug|Any CPU
		Release|Any CPU = Release|Any CPU
	EndGlobalSection
	GlobalSection(ProjectConfigurationPlatforms) = postSolution
		{B82B44EA-D401-4371-9A30-37E8E02605BB}.Debug|Any CPU.ActiveCfg = Debug|Any CPU
		{B82B44EA-D401-4371-9A30-37E8E02605BB}.Debug|Any CPU.Build.0 = Debug|Any CPU
		{B82B44EA-D401-4371-9A30-37E8E02605BB}.Release|Any CPU.ActiveCfg = Release|Any CPU
		{B82B44EA-D401-4371-9A30-37E8E02605BB}.Release|Any CPU.Build.0 = Release|Any CPU
		{99AD75F5-6A9F-4281-9C09-4B851FB8564C}.Debug|Any CPU.ActiveCfg = Debug|Any CPU
		{99AD75F5-6A9F-4281-9C09-4B851FB8564C}.Debug|Any CPU.Build.0 = Debug|Any CPU
		{99AD75F5-6A9F-4281-9C09-4B851FB8564C}.Release|Any CPU.ActiveCfg = Release|Any CPU
		{99AD75F5-6A9F-4281-9C09-4B851FB8564C}.Release|Any CPU.Build.0 = Release|Any CPU
	EndGlobalSection
	GlobalSection(SolutionProperties) = preSolution
		HideSolutionNode = FALSE
	EndGlobalSection
	GlobalSection(NestedProjects) = preSolution
		{B82B44EA-D401-4371-9A30-37E8E02605BB} = {75392F80-6C4F-4CF3-BBCD-F31564787B8A}
		{99AD75F5-6A9F-4281-9C09-4B851FB8564C} = {75392F80-6C4F-4CF3-BBCD-F31564787B8A}
	EndGlobalSection
	GlobalSection(ExtensibilityGlobals) = postSolution
		SolutionGuid = {8921EE75-1C4E-47F2-B469-FA83BEF34D5D}
	EndGlobalSection
EndGlobal
