
Microsoft Visual Studio Solution File, Format Version 12.00
# Visual Studio Version 16
VisualStudioVersion = 16.0.30717.126
MinimumVisualStudioVersion = 10.0.40219.1
Project("{FAE04EC0-301F-11D3-BF4B-00C04F79EFBC}") = "QuizAppGameApi", "QuizAppGameApi.csproj", "{A1538880-37EC-4383-ACB0-6674753823C3}"
EndProject
Global
	GlobalSection(SolutionConfigurationPlatforms) = preSolution
		Debug|Any CPU = Debug|Any CPU
		Release|Any CPU = Release|Any CPU
	EndGlobalSection
	GlobalSection(ProjectConfigurationPlatforms) = postSolution
		{A1538880-37EC-4383-ACB0-6674753823C3}.Debug|Any CPU.ActiveCfg = Debug|Any CPU
		{A1538880-37EC-4383-ACB0-6674753823C3}.Debug|Any CPU.Build.0 = Debug|Any CPU
		{A1538880-37EC-4383-ACB0-6674753823C3}.Release|Any CPU.ActiveCfg = Release|Any CPU
		{A1538880-37EC-4383-ACB0-6674753823C3}.Release|Any CPU.Build.0 = Release|Any CPU
	EndGlobalSection
	GlobalSection(SolutionProperties) = preSolution
		HideSolutionNode = FALSE
	EndGlobalSection
	GlobalSection(ExtensibilityGlobals) = postSolution
		SolutionGuid = {B403C599-06A2-46E3-8481-52518F18CE22}
	EndGlobalSection
EndGlobal
